{
  "name": "@vexa/mixed-eval",
  "version": "0.0.0",
  "lockfileVersion": 3,
  "requires": true,
  "packages": {
    "": {
      "name": "@vexa/mixed-eval",
      "version": "0.0.0",
      "dependencies": {
        "@vexa/mixed-pipeline": "file:../pipeline",
        "@vexa/transcribe-whisper": "file:../../shared/whisper"
      }
    },
    "../../shared/whisper": {
      "name": "@vexa/transcribe-whisper",
      "version": "0.1.0",
      "devDependencies": {
        "@types/node": "^20.0.0",
        "typescript": "^5.4.0"
      }
    },
    "../pipeline": {
      "name": "@vexa/mixed-pipeline",
      "version": "0.1.0",
      "dependencies": {
        "@huggingface/transformers": "^4.2.0",
        "@vexa/transcribe-buffer": "file:../../shared/buffer",
        "@vexa/transcribe-whisper": "file:../../shared/whisper",
        "onnxruntime-node": "^1.17.0"
      },
      "devDependencies": {
        "@types/node": "^20.0.0",
        "tsx": "^4.0.0",
        "typescript": "^5.4.0"
      }
    },
    "node_modules/@vexa/mixed-pipeline": {
      "resolved": "../pipeline",
      "link": true
    },
    "node_modules/@vexa/transcribe-whisper": {
      "resolved": "../../shared/whisper",
      "link": true
    }
  }
}
